
Microsoft Visual Studio Solution File, Format Version 12.00
# Visual Studio Version 17
VisualStudioVersion = 17.10.35122.118
MinimumVisualStudioVersion = 10.0.40219.1
Project("{8BC9CEB8-8B4A-11D0-8D11-00A0C91BC942}") = "Test", "Test\Test.vcxproj", "{8F7AF820-DF14-4870-B1D1-CE98A3EB2C74}"
EndProject
Project("{8BC9CEB8-8B4A-11D0-8D11-00A0C91BC942}") = "Command", "Command\Command.vcxproj", "{D5419C27-5D80-451C-ADD3-402BB8184B2F}"
EndProject
Project("{8BC9CEB8-8B4A-11D0-8D11-00A0C91BC942}") = "Flyweight", "Flyweight\Flyweight.vcxproj", "{9B86DD73-DBEB-4E69-AC56-B41613992EF7}"
EndProject
Project("{8BC9CEB8-8B4A-11D0-8D11-00A0C91BC942}") = "Observer", "Observer\Observer.vcxproj", "{27B9CF85-7955-4A08-B011-50C2A0A6CC5C}"
EndProject
Project("{8BC9CEB8-8B4A-11D0-8D11-00A0C91BC942}") = "Prototype", "Prototype\Prototype.vcxproj", "{7EBC090B-B6F5-46C1-9B5E-028F7F94B64E}"
EndProject
Project("{8BC9CEB8-8B4A-11D0-8D11-00A0C91BC942}") = "State", "State\State.vcxproj", "{97580377-E3C9-44E9-9D30-410B252D27BB}"
EndProject
Project("{8BC9CEB8-8B4A-11D0-8D11-00A0C91BC942}") = "Bytecode", "Bytecode\Bytecode.vcxproj", "{F27E8A92-7346-49FB-9B91-FA4247A3DF5E}"
EndProject
Global
	GlobalSection(SolutionConfigurationPlatforms) = preSolution
		Debug|x64 = Debug|x64
		Debug|x86 = Debug|x86
		Release|x64 = Release|x64
		Release|x86 = Release|x86
	EndGlobalSection
	GlobalSection(ProjectConfigurationPlatforms) = postSolution
		{8F7AF820-DF14-4870-B1D1-CE98A3EB2C74}.Debug|x64.ActiveCfg = Debug|x64
		{8F7AF820-DF14-4870-B1D1-CE98A3EB2C74}.Debug|x64.Build.0 = Debug|x64
		{8F7AF820-DF14-4870-B1D1-CE98A3EB2C74}.Debug|x86.ActiveCfg = Debug|Win32
		{8F7AF820-DF14-4870-B1D1-CE98A3EB2C74}.Debug|x86.Build.0 = Debug|Win32
		{8F7AF820-DF14-4870-B1D1-CE98A3EB2C74}.Release|x64.ActiveCfg = Release|x64
		{8F7AF820-DF14-4870-B1D1-CE98A3EB2C74}.Release|x64.Build.0 = Release|x64
		{8F7AF820-DF14-4870-B1D1-CE98A3EB2C74}.Release|x86.ActiveCfg = Release|Win32
		{8F7AF820-DF14-4870-B1D1-CE98A3EB2C74}.Release|x86.Build.0 = Release|Win32
		{D5419C27-5D80-451C-ADD3-402BB8184B2F}.Debug|x64.ActiveCfg = Debug|x64
		{D5419C27-5D80-451C-ADD3-402BB8184B2F}.Debug|x64.Build.0 = Debug|x64
		{D5419C27-5D80-451C-ADD3-402BB8184B2F}.Debug|x86.ActiveCfg = Debug|Win32
		{D5419C27-5D80-451C-ADD3-402BB8184B2F}.Debug|x86.Build.0 = Debug|Win32
		{D5419C27-5D80-451C-ADD3-402BB8184B2F}.Release|x64.ActiveCfg = Release|x64
		{D5419C27-5D80-451C-ADD3-402BB8184B2F}.Release|x64.Build.0 = Release|x64
		{D5419C27-5D80-451C-ADD3-402BB8184B2F}.Release|x86.ActiveCfg = Release|Win32
		{D5419C27-5D80-451C-ADD3-402BB8184B2F}.Release|x86.Build.0 = Release|Win32
		{9B86DD73-DBEB-4E69-AC56-B41613992EF7}.Debug|x64.ActiveCfg = Debug|x64
		{9B86DD73-DBEB-4E69-AC56-B41613992EF7}.Debug|x64.Build.0 = Debug|x64
		{9B86DD73-DBEB-4E69-AC56-B41613992EF7}.Debug|x86.ActiveCfg = Debug|Win32
		{9B86DD73-DBEB-4E69-AC56-B41613992EF7}.Debug|x86.Build.0 = Debug|Win32
		{9B86DD73-DBEB-4E69-AC56-B41613992EF7}.Release|x64.ActiveCfg = Release|x64
		{9B86DD73-DBEB-4E69-AC56-B41613992EF7}.Release|x64.Build.0 = Release|x64
		{9B86DD73-DBEB-4E69-AC56-B41613992EF7}.Release|x86.ActiveCfg = Release|Win32
		{9B86DD73-DBEB-4E69-AC56-B41613992EF7}.Release|x86.Build.0 = Release|Win32
		{27B9CF85-7955-4A08-B011-50C2A0A6CC5C}.Debug|x64.ActiveCfg = Debug|x64
		{27B9CF85-7955-4A08-B011-50C2A0A6CC5C}.Debug|x64.Build.0 = Debug|x64
		{27B9CF85-7955-4A08-B011-50C2A0A6CC5C}.Debug|x86.ActiveCfg = Debug|Win32
		{27B9CF85-7955-4A08-B011-50C2A0A6CC5C}.Debug|x86.Build.0 = Debug|Win32
		{27B9CF85-7955-4A08-B011-50C2A0A6CC5C}.Release|x64.ActiveCfg = Release|x64
		{27B9CF85-7955-4A08-B011-50C2A0A6CC5C}.Release|x64.Build.0 = Release|x64
		{27B9CF85-7955-4A08-B011-50C2A0A6CC5C}.Release|x86.ActiveCfg = Release|Win32
		{27B9CF85-7955-4A08-B011-50C2A0A6CC5C}.Release|x86.Build.0 = Release|Win32
		{7EBC090B-B6F5-46C1-9B5E-028F7F94B64E}.Debug|x64.ActiveCfg = Debug|x64
		{7EBC090B-B6F5-46C1-9B5E-028F7F94B64E}.Debug|x64.Build.0 = Debug|x64
		{7EBC090B-B6F5-46C1-9B5E-028F7F94B64E}.Debug|x86.ActiveCfg = Debug|Win32
		{7EBC090B-B6F5-46C1-9B5E-028F7F94B64E}.Debug|x86.Build.0 = Debug|Win32
		{7EBC090B-B6F5-46C1-9B5E-028F7F94B64E}.Release|x64.ActiveCfg = Release|x64
		{7EBC090B-B6F5-46C1-9B5E-028F7F94B64E}.Release|x64.Build.0 = Release|x64
		{7EBC090B-B6F5-46C1-9B5E-028F7F94B64E}.Release|x86.ActiveCfg = Release|Win32
		{7EBC090B-B6F5-46C1-9B5E-028F7F94B64E}.Release|x86.Build.0 = Release|Win32
		{97580377-E3C9-44E9-9D30-410B252D27BB}.Debug|x64.ActiveCfg = Debug|x64
		{97580377-E3C9-44E9-9D30-410B252D27BB}.Debug|x64.Build.0 = Debug|x64
		{97580377-E3C9-44E9-9D30-410B252D27BB}.Debug|x86.ActiveCfg = Debug|Win32
		{97580377-E3C9-44E9-9D30-410B252D27BB}.Debug|x86.Build.0 = Debug|Win32
		{97580377-E3C9-44E9-9D30-410B252D27BB}.Release|x64.ActiveCfg = Release|x64
		{97580377-E3C9-44E9-9D30-410B252D27BB}.Release|x64.Build.0 = Release|x64
		{97580377-E3C9-44E9-9D30-410B252D27BB}.Release|x86.ActiveCfg = Release|Win32
		{97580377-E3C9-44E9-9D30-410B252D27BB}.Release|x86.Build.0 = Release|Win32
		{F27E8A92-7346-49FB-9B91-FA4247A3DF5E}.Debug|x64.ActiveCfg = Debug|x64
		{F27E8A92-7346-49FB-9B91-FA4247A3DF5E}.Debug|x64.Build.0 = Debug|x64
		{F27E8A92-7346-49FB-9B91-FA4247A3DF5E}.Debug|x86.ActiveCfg = Debug|Win32
		{F27E8A92-7346-49FB-9B91-FA4247A3DF5E}.Debug|x86.Build.0 = Debug|Win32
		{F27E8A92-7346-49FB-9B91-FA4247A3DF5E}.Release|x64.ActiveCfg = Release|x64
		{F27E8A92-7346-49FB-9B91-FA4247A3DF5E}.Release|x64.Build.0 = Release|x64
		{F27E8A92-7346-49FB-9B91-FA4247A3DF5E}.Release|x86.ActiveCfg = Release|Win32
		{F27E8A92-7346-49FB-9B91-FA4247A3DF5E}.Release|x86.Build.0 = Release|Win32
	EndGlobalSection
	GlobalSection(SolutionProperties) = preSolution
		HideSolutionNode = FALSE
	EndGlobalSection
	GlobalSection(ExtensibilityGlobals) = postSolution
		SolutionGuid = {0AA8C23F-104A-47B2-9F95-58539C870E4D}
	EndGlobalSection
EndGlobal
